<?xml version="1.0" encoding="utf-8"?>
<Project ToolsVersion="4.0" xmlns="http://schemas.microsoft.com/developer/msbuild/2003">
  <ItemGroup>
    <Filter Include="Source">
      <UniqueIdentifier>{c6108db4-b603-4b6f-9ff6-0609a8a50ef6}</UniqueIdentifier>
    </Filter>
    <Filter Include="MyLibrary">
      <UniqueIdentifier>{35967390-ca02-49b9-8821-7f36fe009c6e}</UniqueIdentifier>
    </Filter>
  </ItemGroup>
  <ItemGroup>
    <ClCompile Include="Source\MyLibrary\Main.cpp">
      <Filter>MyLibrary</Filter>
    </ClCompile>
    <ClCompile Include="Source\MyLibrary\Scene.cpp">
      <Filter>MyLibrary</Filter>
    </ClCompile>
    <ClCompile Include="Source\MyLibrary\Server.cpp">
      <Filter>MyLibrary</Filter>
    </ClCompile>
    <ClCompile Include="Source\ServerScene.cpp">
      <Filter>Source</Filter>
    </ClCompile>
  </ItemGroup>
  <ItemGroup>
    <ClInclude Include="Source\MyLibrary\Packet.h">
      <Filter>MyLibrary</Filter>
    </ClInclude>
    <ClInclude Include="Source\MyLibrary\Scene.h">
      <Filter>MyLibrary</Filter>
    </ClInclude>
    <ClInclude Include="Source\MyLibrary\Server.h">
      <Filter>MyLibrary</Filter>
    </ClInclude>
    <ClInclude Include="Source\ServerScene.h">
      <Filter>Source</Filter>
    </ClInclude>
  </ItemGroup>
</Project>